
Microsoft Visual Studio Solution File, Format Version 12.00
# Visual Studio 15
VisualStudioVersion = 15.0.26124.0
MinimumVisualStudioVersion = 15.0.26124.0
Project("{2150E333-8FDC-42A3-9474-1A3956D46DE8}") = "Abyssal-AI", "Abyssal-AI", "{05BBDA00-9377-46F1-AEEB-908707BE5D73}"
EndProject
Project("{FAE04EC0-301F-11D3-BF4B-00C04F79EFBC}") = "Abyssal-AI.Interactive", "Abyssal-AI\Interactive\Abyssal-AI.Interactive.csproj", "{5807C311-7600-428B-8B7F-BB4BC3848CB3}"
EndProject
Project("{FAE04EC0-301F-11D3-BF4B-00C04F79EFBC}") = "Abyssal-AI.Core", "Abyssal-AI\Core\Abyssal-AI.Core.csproj", "{05FB2A0B-88F6-420E-AA2A-87BF90358B7B}"
EndProject
Global
	GlobalSection(SolutionConfigurationPlatforms) = preSolution
		Debug|Any CPU = Debug|Any CPU
		Debug|x64 = Debug|x64
		Debug|x86 = Debug|x86
		Release|Any CPU = Release|Any CPU
		Release|x64 = Release|x64
		Release|x86 = Release|x86
	EndGlobalSection
	GlobalSection(SolutionProperties) = preSolution
		HideSolutionNode = FALSE
	EndGlobalSection
	GlobalSection(ProjectConfigurationPlatforms) = postSolution
		{5807C311-7600-428B-8B7F-BB4BC3848CB3}.Debug|Any CPU.ActiveCfg = Debug|Any CPU
		{5807C311-7600-428B-8B7F-BB4BC3848CB3}.Debug|Any CPU.Build.0 = Debug|Any CPU
		{5807C311-7600-428B-8B7F-BB4BC3848CB3}.Debug|x64.ActiveCfg = Debug|Any CPU
		{5807C311-7600-428B-8B7F-BB4BC3848CB3}.Debug|x64.Build.0 = Debug|Any CPU
		{5807C311-7600-428B-8B7F-BB4BC3848CB3}.Debug|x86.ActiveCfg = Debug|Any CPU
		{5807C311-7600-428B-8B7F-BB4BC3848CB3}.Debug|x86.Build.0 = Debug|Any CPU
		{5807C311-7600-428B-8B7F-BB4BC3848CB3}.Release|Any CPU.ActiveCfg = Release|Any CPU
		{5807C311-7600-428B-8B7F-BB4BC3848CB3}.Release|Any CPU.Build.0 = Release|Any CPU
		{5807C311-7600-428B-8B7F-BB4BC3848CB3}.Release|x64.ActiveCfg = Release|Any CPU
		{5807C311-7600-428B-8B7F-BB4BC3848CB3}.Release|x64.Build.0 = Release|Any CPU
		{5807C311-7600-428B-8B7F-BB4BC3848CB3}.Release|x86.ActiveCfg = Release|Any CPU
		{5807C311-7600-428B-8B7F-BB4BC3848CB3}.Release|x86.Build.0 = Release|Any CPU
		{05FB2A0B-88F6-420E-AA2A-87BF90358B7B}.Debug|Any CPU.ActiveCfg = Debug|Any CPU
		{05FB2A0B-88F6-420E-AA2A-87BF90358B7B}.Debug|Any CPU.Build.0 = Debug|Any CPU
		{05FB2A0B-88F6-420E-AA2A-87BF90358B7B}.Debug|x64.ActiveCfg = Debug|Any CPU
		{05FB2A0B-88F6-420E-AA2A-87BF90358B7B}.Debug|x64.Build.0 = Debug|Any CPU
		{05FB2A0B-88F6-420E-AA2A-87BF90358B7B}.Debug|x86.ActiveCfg = Debug|Any CPU
		{05FB2A0B-88F6-420E-AA2A-87BF90358B7B}.Debug|x86.Build.0 = Debug|Any CPU
		{05FB2A0B-88F6-420E-AA2A-87BF90358B7B}.Release|Any CPU.ActiveCfg = Release|Any CPU
		{05FB2A0B-88F6-420E-AA2A-87BF90358B7B}.Release|Any CPU.Build.0 = Release|Any CPU
		{05FB2A0B-88F6-420E-AA2A-87BF90358B7B}.Release|x64.ActiveCfg = Release|Any CPU
		{05FB2A0B-88F6-420E-AA2A-87BF90358B7B}.Release|x64.Build.0 = Release|Any CPU
		{05FB2A0B-88F6-420E-AA2A-87BF90358B7B}.Release|x86.ActiveCfg = Release|Any CPU
		{05FB2A0B-88F6-420E-AA2A-87BF90358B7B}.Release|x86.Build.0 = Release|Any CPU
	EndGlobalSection
	GlobalSection(NestedProjects) = preSolution
		{5807C311-7600-428B-8B7F-BB4BC3848CB3} = {05BBDA00-9377-46F1-AEEB-908707BE5D73}
		{05FB2A0B-88F6-420E-AA2A-87BF90358B7B} = {05BBDA00-9377-46F1-AEEB-908707BE5D73}
	EndGlobalSection
EndGlobal
